
Microsoft Visual Studio Solution File, Format Version 12.00
# Visual Studio 15
VisualStudioVersion = 15.0.28307.329
MinimumVisualStudioVersion = 10.0.40219.1
Project("{F184B08F-C81C-45F6-A57F-5ABD9991F28F}") = "SenLogViewer", "SenLogViewer.vbproj", "{5086BA5B-A669-474D-9CA1-7739BE7F04C7}"
EndProject
Global
	GlobalSection(SolutionConfigurationPlatforms) = preSolution
		Debug|x86 = Debug|x86
		Release|x86 = Release|x86
	EndGlobalSection
	GlobalSection(ProjectConfigurationPlatforms) = postSolution
		{5086BA5B-A669-474D-9CA1-7739BE7F04C7}.Debug|x86.ActiveCfg = Debug|x86
		{5086BA5B-A669-474D-9CA1-7739BE7F04C7}.Debug|x86.Build.0 = Debug|x86
		{5086BA5B-A669-474D-9CA1-7739BE7F04C7}.Release|x86.ActiveCfg = Release|x86
		{5086BA5B-A669-474D-9CA1-7739BE7F04C7}.Release|x86.Build.0 = Release|x86
	EndGlobalSection
	GlobalSection(SolutionProperties) = preSolution
		HideSolutionNode = FALSE
	EndGlobalSection
	GlobalSection(ExtensibilityGlobals) = postSolution
		SolutionGuid = {E84CB34B-CF84-44EC-B275-E1F383451FDB}
	EndGlobalSection
EndGlobal
